{
  "version": 4,
  "terraform_version": "1.12.2",
  "serial": 4,
  "lineage": "3846a939-80ed-ae9d-3fee-6192d1f68c4f",
  "outputs": {},
  "resources": [
    {
      "mode": "managed",
      "type": "random_id",
      "name": "bucket_suffix",
      "provider": "provider[\"registry.terraform.io/hashicorp/random\"]",
      "instances": [
        {
          "schema_version": 0,
          "attributes": {
            "b64_std": "lKnoWw==",
            "b64_url": "lKnoWw",
            "byte_length": 4,
            "dec": "2494163035",
            "hex": "94a9e85b",
            "id": "lKnoWw",
            "keepers": null,
            "prefix": null
          },
          "sensitive_attributes": [],
          "identity_schema_version": 0
        }
      ]
    }
  ],
  "check_results": null
}
